# THIS IS AN AUTOGENERATED FILE. DO NOT EDIT THIS FILE DIRECTLY.
# yarn lockfile v1


esm@^3.2.25:
  version "3.2.25"
  resolved "https://registry.yarnpkg.com/esm/-/esm-3.2.25.tgz#342c18c29d56157688ba5ce31f8431fbb795cc10"
  integrity sha512-U1suiZ2oDVWv4zPO56S0NcR5QriEahGtdN2OR6FiOG4WJvcjBVFB0qI4+eKoWFH483PKGuLuu6V8Z4T5g63UVA==

expo-server-sdk@^3.5.1:
  version "3.5.1"
  resolved "https://registry.yarnpkg.com/expo-server-sdk/-/expo-server-sdk-3.5.1.tgz#33a3317a406e4bb8882d3799acb6eead70d509ce"
  integrity sha512-U8iyR23d7KqBmuRp2kKydxg1lp0VcUg9LLaCMIccfAbJqrlYcrQ5RYeQ+lYkQT7Y+a9hRB+A1G9v/JKNYXg2ag==
  dependencies:
    node-fetch "^2.6.0"
    promise-limit "^2.7.0"

moment@^2.27.0:
  version "2.27.0"
  resolved "https://registry.yarnpkg.com/moment/-/moment-2.27.0.tgz#8bff4e3e26a236220dfe3e36de756b6ebaa0105d"
  integrity sha512-al0MUK7cpIcglMv3YF13qSgdAIqxHTO7brRtaz3DlSULbqfazqkc5kEjNrLDOM7fsjshoFIihnU8snrP7zUvhQ==

node-fetch@^2.6.0:
  version "2.6.0"
  resolved "https://registry.yarnpkg.com/node-fetch/-/node-fetch-2.6.0.tgz#e633456386d4aa55863f676a7ab0daa8fdecb0fd"
  integrity sha512-8dG4H5ujfvFiqDmVu9fQ5bOHUC15JMjMY/Zumv26oOvvVJjM67KF8koCWIabKQ1GJIa9r2mMZscBq/TbdOcmNA==

promise-limit@^2.7.0:
  version "2.7.0"
  resolved "https://registry.yarnpkg.com/promise-limit/-/promise-limit-2.7.0.tgz#eb5737c33342a030eaeaecea9b3d3a93cb592b26"
  integrity sha512-7nJ6v5lnJsXwGprnGXga4wx6d1POjvi5Qmf1ivTRxTjH4Z/9Czja/UCMLVmB9N93GeWOU93XaFaEt6jbuoagNw==
